
Microsoft Visual Studio Solution File, Format Version 12.00
# Visual Studio 15
VisualStudioVersion = 15.0.28307.168
MinimumVisualStudioVersion = 10.0.40219.1
Project("{FAE04EC0-301F-11D3-BF4B-00C04F79EFBC}") = "vnpost_ocr_system", "vnpost_ocr_system\vnpost_ocr_system.csproj", "{8389A705-AC0F-4B77-8C9C-0BFC7F785717}"
EndProject
Global
	GlobalSection(SolutionConfigurationPlatforms) = preSolution
		Debug|Any CPU = Debug|Any CPU
		Release|Any CPU = Release|Any CPU
	EndGlobalSection
	GlobalSection(ProjectConfigurationPlatforms) = postSolution
		{8389A705-AC0F-4B77-8C9C-0BFC7F785717}.Debug|Any CPU.ActiveCfg = Debug|Any CPU
		{8389A705-AC0F-4B77-8C9C-0BFC7F785717}.Debug|Any CPU.Build.0 = Debug|Any CPU
		{8389A705-AC0F-4B77-8C9C-0BFC7F785717}.Release|Any CPU.ActiveCfg = Release|Any CPU
		{8389A705-AC0F-4B77-8C9C-0BFC7F785717}.Release|Any CPU.Build.0 = Release|Any CPU
	EndGlobalSection
	GlobalSection(SolutionProperties) = preSolution
		HideSolutionNode = FALSE
	EndGlobalSection
	GlobalSection(ExtensibilityGlobals) = postSolution
		SolutionGuid = {37BB9594-668C-4823-A6D1-BCF5E34B8460}
	EndGlobalSection
EndGlobal
